// !$*UTF8*$!
{
	archiveVersion = 1;
	classes = {
	};
	objectVersion = 50;
	objects = {

/* Begin PBXBuildFile section */
		65241BBB261A61CB00D2426E /* NewReleasesResponse.swift in Sources */ = {isa = PBXBuildFile; fileRef = 65241BBA261A61CB00D2426E /* NewReleasesResponse.swift */; };
		65241BBE261A62ED00D2426E /* APIImage.swift in Sources */ = {isa = PBXBuildFile; fileRef = 65241BBD261A62ED00D2426E /* APIImage.swift */; };
		65241BC1261A66A800D2426E /* FeaturedPlaylistsResponse.swift in Sources */ = {isa = PBXBuildFile; fileRef = 65241BC0261A66A800D2426E /* FeaturedPlaylistsResponse.swift */; };
		65241BC5261A6C2900D2426E /* RecommendedGenresResponse.swift in Sources */ = {isa = PBXBuildFile; fileRef = 65241BC4261A6C2900D2426E /* RecommendedGenresResponse.swift */; };
		65389535261275A7009F1074 /* SettingsModels.swift in Sources */ = {isa = PBXBuildFile; fileRef = 65389534261275A7009F1074 /* SettingsModels.swift */; };
		653B01052609465F00D2CAE5 /* TabBarViewController.swift in Sources */ = {isa = PBXBuildFile; fileRef = 653B01042609465F00D2CAE5 /* TabBarViewController.swift */; };
		653B010A2609469C00D2CAE5 /* SearchViewController.swift in Sources */ = {isa = PBXBuildFile; fileRef = 653B01092609469C00D2CAE5 /* SearchViewController.swift */; };
		653B010D260946B000D2CAE5 /* LibraryViewController.swift in Sources */ = {isa = PBXBuildFile; fileRef = 653B010C260946B000D2CAE5 /* LibraryViewController.swift */; };
		653B0113260946DB00D2CAE5 /* AuthViewController.swift in Sources */ = {isa = PBXBuildFile; fileRef = 653B0112260946DB00D2CAE5 /* AuthViewController.swift */; };
		653B0117260946E500D2CAE5 /* WelcomeViewController.swift in Sources */ = {isa = PBXBuildFile; fileRef = 653B0116260946E500D2CAE5 /* WelcomeViewController.swift */; };
		653B011A260946F100D2CAE5 /* SettingsViewController.swift in Sources */ = {isa = PBXBuildFile; fileRef = 653B0119260946F100D2CAE5 /* SettingsViewController.swift */; };
		653B011D2609471000D2CAE5 /* ProfileViewController.swift in Sources */ = {isa = PBXBuildFile; fileRef = 653B011C2609471000D2CAE5 /* ProfileViewController.swift */; };
		653B01202609471900D2CAE5 /* PlayerViewController.swift in Sources */ = {isa = PBXBuildFile; fileRef = 653B011F2609471900D2CAE5 /* PlayerViewController.swift */; };
		653B01232609474D00D2CAE5 /* PlaylistViewController.swift in Sources */ = {isa = PBXBuildFile; fileRef = 653B01222609474D00D2CAE5 /* PlaylistViewController.swift */; };
		653B01262609475B00D2CAE5 /* SearchResultViewController.swift in Sources */ = {isa = PBXBuildFile; fileRef = 653B01252609475B00D2CAE5 /* SearchResultViewController.swift */; };
		653B01292609477800D2CAE5 /* AuthManager.swift in Sources */ = {isa = PBXBuildFile; fileRef = 653B01282609477800D2CAE5 /* AuthManager.swift */; };
		653B012C2609478800D2CAE5 /* APICaller.swift in Sources */ = {isa = PBXBuildFile; fileRef = 653B012B2609478800D2CAE5 /* APICaller.swift */; };
		653B012F2609479300D2CAE5 /* HapticsManager.swift in Sources */ = {isa = PBXBuildFile; fileRef = 653B012E2609479300D2CAE5 /* HapticsManager.swift */; };
		653B0136260947CA00D2CAE5 /* Playlist.swift in Sources */ = {isa = PBXBuildFile; fileRef = 653B0135260947CA00D2CAE5 /* Playlist.swift */; };
		653B0139260947D600D2CAE5 /* AudioTrack.swift in Sources */ = {isa = PBXBuildFile; fileRef = 653B0138260947D600D2CAE5 /* AudioTrack.swift */; };
		653B013C260947E200D2CAE5 /* Artist.swift in Sources */ = {isa = PBXBuildFile; fileRef = 653B013B260947E200D2CAE5 /* Artist.swift */; };
		653B013F260947F000D2CAE5 /* UserProfile.swift in Sources */ = {isa = PBXBuildFile; fileRef = 653B013E260947F000D2CAE5 /* UserProfile.swift */; };
		655F102F261E84E300D7D976 /* NewReleaseCollectionViewCell.swift in Sources */ = {isa = PBXBuildFile; fileRef = 655F102E261E84E300D7D976 /* NewReleaseCollectionViewCell.swift */; };
		655F1033261E851300D7D976 /* FeaturedPlaylistCollectionViewCell.swift in Sources */ = {isa = PBXBuildFile; fileRef = 655F1032261E851300D7D976 /* FeaturedPlaylistCollectionViewCell.swift */; };
		655F1036261E853400D7D976 /* RecommendedTrackCollectionViewCell.swift in Sources */ = {isa = PBXBuildFile; fileRef = 655F1035261E853400D7D976 /* RecommendedTrackCollectionViewCell.swift */; };
		65668527262B810E00C59F64 /* NewReleasesCellViewModel.swift in Sources */ = {isa = PBXBuildFile; fileRef = 65668526262B810E00C59F64 /* NewReleasesCellViewModel.swift */; };
		65C633142609580F001F6F58 /* Extensions.swift in Sources */ = {isa = PBXBuildFile; fileRef = 65C633132609580F001F6F58 /* Extensions.swift */; };
		65E535C9261BC50B00A3F5E6 /* RecommendationsResponse.swift in Sources */ = {isa = PBXBuildFile; fileRef = 65E535C8261BC50B00A3F5E6 /* RecommendationsResponse.swift */; };
		65ECEA74260BDD8B00F35EC5 /* AuthResponse.swift in Sources */ = {isa = PBXBuildFile; fileRef = 65ECEA73260BDD8B00F35EC5 /* AuthResponse.swift */; };
		65FC101B2609410700919E3D /* AppDelegate.swift in Sources */ = {isa = PBXBuildFile; fileRef = 65FC101A2609410700919E3D /* AppDelegate.swift */; };
		65FC101D2609410700919E3D /* SceneDelegate.swift in Sources */ = {isa = PBXBuildFile; fileRef = 65FC101C2609410700919E3D /* SceneDelegate.swift */; };
		65FC101F2609410700919E3D /* HomeViewController.swift in Sources */ = {isa = PBXBuildFile; fileRef = 65FC101E2609410700919E3D /* HomeViewController.swift */; };
		65FC10242609410800919E3D /* Assets.xcassets in Resources */ = {isa = PBXBuildFile; fileRef = 65FC10232609410800919E3D /* Assets.xcassets */; };
		65FC10272609410800919E3D /* LaunchScreen.storyboard in Resources */ = {isa = PBXBuildFile; fileRef = 65FC10252609410800919E3D /* LaunchScreen.storyboard */; };
		D6E3531F5ECA3B499914D226 /* Pods_Spotify.framework in Frameworks */ = {isa = PBXBuildFile; fileRef = 0C5ED6193A91EF6C109D3606 /* Pods_Spotify.framework */; };
/* End PBXBuildFile section */

/* Begin PBXFileReference section */
		0C5ED6193A91EF6C109D3606 /* Pods_Spotify.framework */ = {isa = PBXFileReference; explicitFileType = wrapper.framework; includeInIndex = 0; path = Pods_Spotify.framework; sourceTree = BUILT_PRODUCTS_DIR; };
		65241BBA261A61CB00D2426E /* NewReleasesResponse.swift */ = {isa = PBXFileReference; lastKnownFileType = sourcecode.swift; path = NewReleasesResponse.swift; sourceTree = "<group>"; };
		65241BBD261A62ED00D2426E /* APIImage.swift */ = {isa = PBXFileReference; lastKnownFileType = sourcecode.swift; path = APIImage.swift; sourceTree = "<group>"; };
		65241BC0261A66A800D2426E /* FeaturedPlaylistsResponse.swift */ = {isa = PBXFileReference; lastKnownFileType = sourcecode.swift; path = FeaturedPlaylistsResponse.swift; sourceTree = "<group>"; };
		65241BC4261A6C2900D2426E /* RecommendedGenresResponse.swift */ = {isa = PBXFileReference; lastKnownFileType = sourcecode.swift; path = RecommendedGenresResponse.swift; sourceTree = "<group>"; };
		65389534261275A7009F1074 /* SettingsModels.swift */ = {isa = PBXFileReference; lastKnownFileType = sourcecode.swift; path = SettingsModels.swift; sourceTree = "<group>"; };
		653B01042609465F00D2CAE5 /* TabBarViewController.swift */ = {isa = PBXFileReference; lastKnownFileType = sourcecode.swift; path = TabBarViewController.swift; sourceTree = "<group>"; };
		653B01092609469C00D2CAE5 /* SearchViewController.swift */ = {isa = PBXFileReference; lastKnownFileType = sourcecode.swift; path = SearchViewController.swift; sourceTree = "<group>"; };
		653B010C260946B000D2CAE5 /* LibraryViewController.swift */ = {isa = PBXFileReference; lastKnownFileType = sourcecode.swift; path = LibraryViewController.swift; sourceTree = "<group>"; };
		653B0112260946DB00D2CAE5 /* AuthViewController.swift */ = {isa = PBXFileReference; lastKnownFileType = sourcecode.swift; path = AuthViewController.swift; sourceTree = "<group>"; };
		653B0116260946E500D2CAE5 /* WelcomeViewController.swift */ = {isa = PBXFileReference; lastKnownFileType = sourcecode.swift; path = WelcomeViewController.swift; sourceTree = "<group>"; };
		653B0119260946F100D2CAE5 /* SettingsViewController.swift */ = {isa = PBXFileReference; lastKnownFileType = sourcecode.swift; path = SettingsViewController.swift; sourceTree = "<group>"; };
		653B011C2609471000D2CAE5 /* ProfileViewController.swift */ = {isa = PBXFileReference; lastKnownFileType = sourcecode.swift; path = ProfileViewController.swift; sourceTree = "<group>"; };
		653B011F2609471900D2CAE5 /* PlayerViewController.swift */ = {isa = PBXFileReference; lastKnownFileType = sourcecode.swift; path = PlayerViewController.swift; sourceTree = "<group>"; };
		653B01222609474D00D2CAE5 /* PlaylistViewController.swift */ = {isa = PBXFileReference; lastKnownFileType = sourcecode.swift; path = PlaylistViewController.swift; sourceTree = "<group>"; };
		653B01252609475B00D2CAE5 /* SearchResultViewController.swift */ = {isa = PBXFileReference; lastKnownFileType = sourcecode.swift; path = SearchResultViewController.swift; sourceTree = "<group>"; };
		653B01282609477800D2CAE5 /* AuthManager.swift */ = {isa = PBXFileReference; lastKnownFileType = sourcecode.swift; path = AuthManager.swift; sourceTree = "<group>"; };
		653B012B2609478800D2CAE5 /* APICaller.swift */ = {isa = PBXFileReference; lastKnownFileType = sourcecode.swift; path = APICaller.swift; sourceTree = "<group>"; };
		653B012E2609479300D2CAE5 /* HapticsManager.swift */ = {isa = PBXFileReference; lastKnownFileType = sourcecode.swift; path = HapticsManager.swift; sourceTree = "<group>"; };
		653B0135260947CA00D2CAE5 /* Playlist.swift */ = {isa = PBXFileReference; lastKnownFileType = sourcecode.swift; path = Playlist.swift; sourceTree = "<group>"; };
		653B0138260947D600D2CAE5 /* AudioTrack.swift */ = {isa = PBXFileReference; lastKnownFileType = sourcecode.swift; path = AudioTrack.swift; sourceTree = "<group>"; };
		653B013B260947E200D2CAE5 /* Artist.swift */ = {isa = PBXFileReference; lastKnownFileType = sourcecode.swift; path = Artist.swift; sourceTree = "<group>"; };
		653B013E260947F000D2CAE5 /* UserProfile.swift */ = {isa = PBXFileReference; lastKnownFileType = sourcecode.swift; path = UserProfile.swift; sourceTree = "<group>"; };
		655F102E261E84E300D7D976 /* NewReleaseCollectionViewCell.swift */ = {isa = PBXFileReference; lastKnownFileType = sourcecode.swift; path = NewReleaseCollectionViewCell.swift; sourceTree = "<group>"; };
		655F1032261E851300D7D976 /* FeaturedPlaylistCollectionViewCell.swift */ = {isa = PBXFileReference; lastKnownFileType = sourcecode.swift; path = FeaturedPlaylistCollectionViewCell.swift; sourceTree = "<group>"; };
		655F1035261E853400D7D976 /* RecommendedTrackCollectionViewCell.swift */ = {isa = PBXFileReference; lastKnownFileType = sourcecode.swift; path = RecommendedTrackCollectionViewCell.swift; sourceTree = "<group>"; };
		65668526262B810E00C59F64 /* NewReleasesCellViewModel.swift */ = {isa = PBXFileReference; lastKnownFileType = sourcecode.swift; path = NewReleasesCellViewModel.swift; sourceTree = "<group>"; };
		65C633132609580F001F6F58 /* Extensions.swift */ = {isa = PBXFileReference; lastKnownFileType = sourcecode.swift; path = Extensions.swift; sourceTree = "<group>"; };
		65E535C8261BC50B00A3F5E6 /* RecommendationsResponse.swift */ = {isa = PBXFileReference; lastKnownFileType = sourcecode.swift; path = RecommendationsResponse.swift; sourceTree = "<group>"; };
		65ECEA73260BDD8B00F35EC5 /* AuthResponse.swift */ = {isa = PBXFileReference; lastKnownFileType = sourcecode.swift; path = AuthResponse.swift; sourceTree = "<group>"; };
		65FC10172609410700919E3D /* Spotify.app */ = {isa = PBXFileReference; explicitFileType = wrapper.application; includeInIndex = 0; path = Spotify.app; sourceTree = BUILT_PRODUCTS_DIR; };
		65FC101A2609410700919E3D /* AppDelegate.swift */ = {isa = PBXFileReference; lastKnownFileType = sourcecode.swift; path = AppDelegate.swift; sourceTree = "<group>"; };
		65FC101C2609410700919E3D /* SceneDelegate.swift */ = {isa = PBXFileReference; lastKnownFileType = sourcecode.swift; path = SceneDelegate.swift; sourceTree = "<group>"; };
		65FC101E2609410700919E3D /* HomeViewController.swift */ = {isa = PBXFileReference; lastKnownFileType = sourcecode.swift; path = HomeViewController.swift; sourceTree = "<group>"; };
		65FC10232609410800919E3D /* Assets.xcassets */ = {isa = PBXFileReference; lastKnownFileType = folder.assetcatalog; path = Assets.xcassets; sourceTree = "<group>"; };
		65FC10262609410800919E3D /* Base */ = {isa = PBXFileReference; lastKnownFileType = file.storyboard; name = Base; path = Base.lproj/LaunchScreen.storyboard; sourceTree = "<group>"; };
		65FC10282609410800919E3D /* Info.plist */ = {isa = PBXFileReference; lastKnownFileType = text.plist.xml; path = Info.plist; sourceTree = "<group>"; };
		F68AB6135EB3E0CDFB60182F /* Pods-Spotify.release.xcconfig */ = {isa = PBXFileReference; includeInIndex = 1; lastKnownFileType = text.xcconfig; name = "Pods-Spotify.release.xcconfig"; path = "Target Support Files/Pods-Spotify/Pods-Spotify.release.xcconfig"; sourceTree = "<group>"; };
		FAC18FC610C2952C92441EDA /* Pods-Spotify.debug.xcconfig */ = {isa = PBXFileReference; includeInIndex = 1; lastKnownFileType = text.xcconfig; name = "Pods-Spotify.debug.xcconfig"; path = "Target Support Files/Pods-Spotify/Pods-Spotify.debug.xcconfig"; sourceTree = "<group>"; };
/* End PBXFileReference section */

/* Begin PBXFrameworksBuildPhase section */
		65FC10142609410700919E3D /* Frameworks */ = {
			isa = PBXFrameworksBuildPhase;
			buildActionMask = 2147483647;
			files = (
				D6E3531F5ECA3B499914D226 /* Pods_Spotify.framework in Frameworks */,
			);
			runOnlyForDeploymentPostprocessing = 0;
		};
/* End PBXFrameworksBuildPhase section */

/* Begin PBXGroup section */
		0C3BAD830D2291963C1995C9 /* Pods */ = {
			isa = PBXGroup;
			children = (
				FAC18FC610C2952C92441EDA /* Pods-Spotify.debug.xcconfig */,
				F68AB6135EB3E0CDFB60182F /* Pods-Spotify.release.xcconfig */,
			);
			name = Pods;
			path = Pods;
			sourceTree = "<group>";
		};
		653B010F260946B900D2CAE5 /* Core */ = {
			isa = PBXGroup;
			children = (
				653B01042609465F00D2CAE5 /* TabBarViewController.swift */,
				65FC101E2609410700919E3D /* HomeViewController.swift */,
				653B01092609469C00D2CAE5 /* SearchViewController.swift */,
				653B010C260946B000D2CAE5 /* LibraryViewController.swift */,
			);
			path = Core;
			sourceTree = "<group>";
		};
		653B0111260946C800D2CAE5 /* Other */ = {
			isa = PBXGroup;
			children = (
				653B0112260946DB00D2CAE5 /* AuthViewController.swift */,
				653B0116260946E500D2CAE5 /* WelcomeViewController.swift */,
				653B0119260946F100D2CAE5 /* SettingsViewController.swift */,
				653B011C2609471000D2CAE5 /* ProfileViewController.swift */,
				653B011F2609471900D2CAE5 /* PlayerViewController.swift */,
				653B01222609474D00D2CAE5 /* PlaylistViewController.swift */,
				653B01252609475B00D2CAE5 /* SearchResultViewController.swift */,
			);
			path = Other;
			sourceTree = "<group>";
		};
		655F102D261E84A400D7D976 /* Browse */ = {
			isa = PBXGroup;
			children = (
				655F102E261E84E300D7D976 /* NewReleaseCollectionViewCell.swift */,
				655F1032261E851300D7D976 /* FeaturedPlaylistCollectionViewCell.swift */,
				655F1035261E853400D7D976 /* RecommendedTrackCollectionViewCell.swift */,
			);
			path = Browse;
			sourceTree = "<group>";
		};
		65FC100E2609410700919E3D = {
			isa = PBXGroup;
			children = (
				65FC10192609410700919E3D /* Spotify */,
				65FC10182609410700919E3D /* Products */,
				0C3BAD830D2291963C1995C9 /* Pods */,
				EFB9F840E904656CF3EF6038 /* Frameworks */,
			);
			sourceTree = "<group>";
		};
		65FC10182609410700919E3D /* Products */ = {
			isa = PBXGroup;
			children = (
				65FC10172609410700919E3D /* Spotify.app */,
			);
			name = Products;
			sourceTree = "<group>";
		};
		65FC10192609410700919E3D /* Spotify */ = {
			isa = PBXGroup;
			children = (
				65FC1035260943E700919E3D /* Resources */,
				65FC1034260943B800919E3D /* Managers */,
				65FC1033260943A400919E3D /* ViewModels */,
				65FC10322609439300919E3D /* Models */,
				65FC10312609438C00919E3D /* Views */,
				65FC10302609435F00919E3D /* Controllers */,
				65FC10282609410800919E3D /* Info.plist */,
			);
			path = Spotify;
			sourceTree = "<group>";
		};
		65FC10302609435F00919E3D /* Controllers */ = {
			isa = PBXGroup;
			children = (
				653B0111260946C800D2CAE5 /* Other */,
				653B010F260946B900D2CAE5 /* Core */,
			);
			path = Controllers;
			sourceTree = "<group>";
		};
		65FC10312609438C00919E3D /* Views */ = {
			isa = PBXGroup;
			children = (
				655F102D261E84A400D7D976 /* Browse */,
				65FC10252609410800919E3D /* LaunchScreen.storyboard */,
			);
			path = Views;
			sourceTree = "<group>";
		};
		65FC10322609439300919E3D /* Models */ = {
			isa = PBXGroup;
			children = (
				653B0135260947CA00D2CAE5 /* Playlist.swift */,
				653B0138260947D600D2CAE5 /* AudioTrack.swift */,
				653B013B260947E200D2CAE5 /* Artist.swift */,
				653B013E260947F000D2CAE5 /* UserProfile.swift */,
				65ECEA73260BDD8B00F35EC5 /* AuthResponse.swift */,
				65389534261275A7009F1074 /* SettingsModels.swift */,
				65241BBA261A61CB00D2426E /* NewReleasesResponse.swift */,
				65241BBD261A62ED00D2426E /* APIImage.swift */,
				65241BC0261A66A800D2426E /* FeaturedPlaylistsResponse.swift */,
				65241BC4261A6C2900D2426E /* RecommendedGenresResponse.swift */,
				65E535C8261BC50B00A3F5E6 /* RecommendationsResponse.swift */,
			);
			path = Models;
			sourceTree = "<group>";
		};
		65FC1033260943A400919E3D /* ViewModels */ = {
			isa = PBXGroup;
			children = (
				65668526262B810E00C59F64 /* NewReleasesCellViewModel.swift */,
			);
			path = ViewModels;
			sourceTree = "<group>";
		};
		65FC1034260943B800919E3D /* Managers */ = {
			isa = PBXGroup;
			children = (
				653B01282609477800D2CAE5 /* AuthManager.swift */,
				653B012B2609478800D2CAE5 /* APICaller.swift */,
				653B012E2609479300D2CAE5 /* HapticsManager.swift */,
			);
			path = Managers;
			sourceTree = "<group>";
		};
		65FC1035260943E700919E3D /* Resources */ = {
			isa = PBXGroup;
			children = (
				65FC10232609410800919E3D /* Assets.xcassets */,
				65FC101A2609410700919E3D /* AppDelegate.swift */,
				65FC101C2609410700919E3D /* SceneDelegate.swift */,
				65C633132609580F001F6F58 /* Extensions.swift */,
			);
			path = Resources;
			sourceTree = "<group>";
		};
		EFB9F840E904656CF3EF6038 /* Frameworks */ = {
			isa = PBXGroup;
			children = (
				0C5ED6193A91EF6C109D3606 /* Pods_Spotify.framework */,
			);
			name = Frameworks;
			sourceTree = "<group>";
		};
/* End PBXGroup section */

/* Begin PBXNativeTarget section */
		65FC10162609410700919E3D /* Spotify */ = {
			isa = PBXNativeTarget;
			buildConfigurationList = 65FC102B2609410800919E3D /* Build configuration list for PBXNativeTarget "Spotify" */;
			buildPhases = (
				15F6C5991AF7A6D885F33934 /* [CP] Check Pods Manifest.lock */,
				65FC10132609410700919E3D /* Sources */,
				65FC10142609410700919E3D /* Frameworks */,
				65FC10152609410700919E3D /* Resources */,
				8DEBE1A01D12A997494024DC /* [CP] Embed Pods Frameworks */,
			);
			buildRules = (
			);
			dependencies = (
			);
			name = Spotify;
			productName = Spotify;
			productReference = 65FC10172609410700919E3D /* Spotify.app */;
			productType = "com.apple.product-type.application";
		};
/* End PBXNativeTarget section */

/* Begin PBXProject section */
		65FC100F2609410700919E3D /* Project object */ = {
			isa = PBXProject;
			attributes = {
				LastSwiftUpdateCheck = 1240;
				LastUpgradeCheck = 1240;
				TargetAttributes = {
					65FC10162609410700919E3D = {
						CreatedOnToolsVersion = 12.4;
					};
				};
			};
			buildConfigurationList = 65FC10122609410700919E3D /* Build configuration list for PBXProject "Spotify" */;
			compatibilityVersion = "Xcode 9.3";
			developmentRegion = en;
			hasScannedForEncodings = 0;
			knownRegions = (
				en,
				Base,
			);
			mainGroup = 65FC100E2609410700919E3D;
			productRefGroup = 65FC10182609410700919E3D /* Products */;
			projectDirPath = "";
			projectRoot = "";
			targets = (
				65FC10162609410700919E3D /* Spotify */,
			);
		};
/* End PBXProject section */

/* Begin PBXResourcesBuildPhase section */
		65FC10152609410700919E3D /* Resources */ = {
			isa = PBXResourcesBuildPhase;
			buildActionMask = 2147483647;
			files = (
				65FC10272609410800919E3D /* LaunchScreen.storyboard in Resources */,
				65FC10242609410800919E3D /* Assets.xcassets in Resources */,
			);
			runOnlyForDeploymentPostprocessing = 0;
		};
/* End PBXResourcesBuildPhase section */

/* Begin PBXShellScriptBuildPhase section */
		15F6C5991AF7A6D885F33934 /* [CP] Check Pods Manifest.lock */ = {
			isa = PBXShellScriptBuildPhase;
			buildActionMask = 2147483647;
			files = (
			);
			inputFileListPaths = (
			);
			inputPaths = (
				"${PODS_PODFILE_DIR_PATH}/Podfile.lock",
				"${PODS_ROOT}/Manifest.lock",
			);
			name = "[CP] Check Pods Manifest.lock";
			outputFileListPaths = (
			);
			outputPaths = (
				"$(DERIVED_FILE_DIR)/Pods-Spotify-checkManifestLockResult.txt",
			);
			runOnlyForDeploymentPostprocessing = 0;
			shellPath = /bin/sh;
			shellScript = "diff \"${PODS_PODFILE_DIR_PATH}/Podfile.lock\" \"${PODS_ROOT}/Manifest.lock\" > /dev/null\nif [ $? != 0 ] ; then\n    # print error to STDERR\n    echo \"error: The sandbox is not in sync with the Podfile.lock. Run 'pod install' or update your CocoaPods installation.\" >&2\n    exit 1\nfi\n# This output is used by Xcode 'outputs' to avoid re-running this script phase.\necho \"SUCCESS\" > \"${SCRIPT_OUTPUT_FILE_0}\"\n";
			showEnvVarsInLog = 0;
		};
		8DEBE1A01D12A997494024DC /* [CP] Embed Pods Frameworks */ = {
			isa = PBXShellScriptBuildPhase;
			buildActionMask = 2147483647;
			files = (
			);
			inputFileListPaths = (
				"${PODS_ROOT}/Target Support Files/Pods-Spotify/Pods-Spotify-frameworks-${CONFIGURATION}-input-files.xcfilelist",
			);
			name = "[CP] Embed Pods Frameworks";
			outputFileListPaths = (
				"${PODS_ROOT}/Target Support Files/Pods-Spotify/Pods-Spotify-frameworks-${CONFIGURATION}-output-files.xcfilelist",
			);
			runOnlyForDeploymentPostprocessing = 0;
			shellPath = /bin/sh;
			shellScript = "\"${PODS_ROOT}/Target Support Files/Pods-Spotify/Pods-Spotify-frameworks.sh\"\n";
			showEnvVarsInLog = 0;
		};
/* End PBXShellScriptBuildPhase section */

/* Begin PBXSourcesBuildPhase section */
		65FC10132609410700919E3D /* Sources */ = {
			isa = PBXSourcesBuildPhase;
			buildActionMask = 2147483647;
			files = (
				653B010A2609469C00D2CAE5 /* SearchViewController.swift in Sources */,
				653B0136260947CA00D2CAE5 /* Playlist.swift in Sources */,
				653B01292609477800D2CAE5 /* AuthManager.swift in Sources */,
				65668527262B810E00C59F64 /* NewReleasesCellViewModel.swift in Sources */,
				653B0117260946E500D2CAE5 /* WelcomeViewController.swift in Sources */,
				65241BBE261A62ED00D2426E /* APIImage.swift in Sources */,
				653B011D2609471000D2CAE5 /* ProfileViewController.swift in Sources */,
				653B01052609465F00D2CAE5 /* TabBarViewController.swift in Sources */,
				65FC101F2609410700919E3D /* HomeViewController.swift in Sources */,
				655F1036261E853400D7D976 /* RecommendedTrackCollectionViewCell.swift in Sources */,
				653B012F2609479300D2CAE5 /* HapticsManager.swift in Sources */,
				65ECEA74260BDD8B00F35EC5 /* AuthResponse.swift in Sources */,
				65241BBB261A61CB00D2426E /* NewReleasesResponse.swift in Sources */,
				65E535C9261BC50B00A3F5E6 /* RecommendationsResponse.swift in Sources */,
				653B0139260947D600D2CAE5 /* AudioTrack.swift in Sources */,
				653B0113260946DB00D2CAE5 /* AuthViewController.swift in Sources */,
				655F102F261E84E300D7D976 /* NewReleaseCollectionViewCell.swift in Sources */,
				65FC101B2609410700919E3D /* AppDelegate.swift in Sources */,
				655F1033261E851300D7D976 /* FeaturedPlaylistCollectionViewCell.swift in Sources */,
				653B010D260946B000D2CAE5 /* LibraryViewController.swift in Sources */,
				653B013F260947F000D2CAE5 /* UserProfile.swift in Sources */,
				65C633142609580F001F6F58 /* Extensions.swift in Sources */,
				653B01232609474D00D2CAE5 /* PlaylistViewController.swift in Sources */,
				653B013C260947E200D2CAE5 /* Artist.swift in Sources */,
				65389535261275A7009F1074 /* SettingsModels.swift in Sources */,
				65FC101D2609410700919E3D /* SceneDelegate.swift in Sources */,
				653B01202609471900D2CAE5 /* PlayerViewController.swift in Sources */,
				653B01262609475B00D2CAE5 /* SearchResultViewController.swift in Sources */,
				653B012C2609478800D2CAE5 /* APICaller.swift in Sources */,
				65241BC1261A66A800D2426E /* FeaturedPlaylistsResponse.swift in Sources */,
				653B011A260946F100D2CAE5 /* SettingsViewController.swift in Sources */,
				65241BC5261A6C2900D2426E /* RecommendedGenresResponse.swift in Sources */,
			);
			runOnlyForDeploymentPostprocessing = 0;
		};
/* End PBXSourcesBuildPhase section */

/* Begin PBXVariantGroup section */
		65FC10252609410800919E3D /* LaunchScreen.storyboard */ = {
			isa = PBXVariantGroup;
			children = (
				65FC10262609410800919E3D /* Base */,
			);
			name = LaunchScreen.storyboard;
			sourceTree = "<group>";
		};
/* End PBXVariantGroup section */

/* Begin XCBuildConfiguration section */
		65FC10292609410800919E3D /* Debug */ = {
			isa = XCBuildConfiguration;
			buildSettings = {
				ALWAYS_SEARCH_USER_PATHS = NO;
				CLANG_ANALYZER_NONNULL = YES;
				CLANG_ANALYZER_NUMBER_OBJECT_CONVERSION = YES_AGGRESSIVE;
				CLANG_CXX_LANGUAGE_STANDARD = "gnu++14";
				CLANG_CXX_LIBRARY = "libc++";
				CLANG_ENABLE_MODULES = YES;
				CLANG_ENABLE_OBJC_ARC = YES;
				CLANG_ENABLE_OBJC_WEAK = YES;
				CLANG_WARN_BLOCK_CAPTURE_AUTORELEASING = YES;
				CLANG_WARN_BOOL_CONVERSION = YES;
				CLANG_WARN_COMMA = YES;
				CLANG_WARN_CONSTANT_CONVERSION = YES;
				CLANG_WARN_DEPRECATED_OBJC_IMPLEMENTATIONS = YES;
				CLANG_WARN_DIRECT_OBJC_ISA_USAGE = YES_ERROR;
				CLANG_WARN_DOCUMENTATION_COMMENTS = YES;
				CLANG_WARN_EMPTY_BODY = YES;
				CLANG_WARN_ENUM_CONVERSION = YES;
				CLANG_WARN_INFINITE_RECURSION = YES;
				CLANG_WARN_INT_CONVERSION = YES;
				CLANG_WARN_NON_LITERAL_NULL_CONVERSION = YES;
				CLANG_WARN_OBJC_IMPLICIT_RETAIN_SELF = YES;
				CLANG_WARN_OBJC_LITERAL_CONVERSION = YES;
				CLANG_WARN_OBJC_ROOT_CLASS = YES_ERROR;
				CLANG_WARN_QUOTED_INCLUDE_IN_FRAMEWORK_HEADER = YES;
				CLANG_WARN_RANGE_LOOP_ANALYSIS = YES;
				CLANG_WARN_STRICT_PROTOTYPES = YES;
				CLANG_WARN_SUSPICIOUS_MOVE = YES;
				CLANG_WARN_UNGUARDED_AVAILABILITY = YES_AGGRESSIVE;
				CLANG_WARN_UNREACHABLE_CODE = YES;
				CLANG_WARN__DUPLICATE_METHOD_MATCH = YES;
				COPY_PHASE_STRIP = NO;
				DEBUG_INFORMATION_FORMAT = dwarf;
				ENABLE_STRICT_OBJC_MSGSEND = YES;
				ENABLE_TESTABILITY = YES;
				GCC_C_LANGUAGE_STANDARD = gnu11;
				GCC_DYNAMIC_NO_PIC = NO;
				GCC_NO_COMMON_BLOCKS = YES;
				GCC_OPTIMIZATION_LEVEL = 0;
				GCC_PREPROCESSOR_DEFINITIONS = (
					"DEBUG=1",
					"$(inherited)",
				);
				GCC_WARN_64_TO_32_BIT_CONVERSION = YES;
				GCC_WARN_ABOUT_RETURN_TYPE = YES_ERROR;
				GCC_WARN_UNDECLARED_SELECTOR = YES;
				GCC_WARN_UNINITIALIZED_AUTOS = YES_AGGRESSIVE;
				GCC_WARN_UNUSED_FUNCTION = YES;
				GCC_WARN_UNUSED_VARIABLE = YES;
				IPHONEOS_DEPLOYMENT_TARGET = 14.4;
				MTL_ENABLE_DEBUG_INFO = INCLUDE_SOURCE;
				MTL_FAST_MATH = YES;
				ONLY_ACTIVE_ARCH = YES;
				SDKROOT = iphoneos;
				SWIFT_ACTIVE_COMPILATION_CONDITIONS = DEBUG;
				SWIFT_OPTIMIZATION_LEVEL = "-Onone";
			};
			name = Debug;
		};
		65FC102A2609410800919E3D /* Release */ = {
			isa = XCBuildConfiguration;
			buildSettings = {
				ALWAYS_SEARCH_USER_PATHS = NO;
				CLANG_ANALYZER_NONNULL = YES;
				CLANG_ANALYZER_NUMBER_OBJECT_CONVERSION = YES_AGGRESSIVE;
				CLANG_CXX_LANGUAGE_STANDARD = "gnu++14";
				CLANG_CXX_LIBRARY = "libc++";
				CLANG_ENABLE_MODULES = YES;
				CLANG_ENABLE_OBJC_ARC = YES;
				CLANG_ENABLE_OBJC_WEAK = YES;
				CLANG_WARN_BLOCK_CAPTURE_AUTORELEASING = YES;
				CLANG_WARN_BOOL_CONVERSION = YES;
				CLANG_WARN_COMMA = YES;
				CLANG_WARN_CONSTANT_CONVERSION = YES;
				CLANG_WARN_DEPRECATED_OBJC_IMPLEMENTATIONS = YES;
				CLANG_WARN_DIRECT_OBJC_ISA_USAGE = YES_ERROR;
				CLANG_WARN_DOCUMENTATION_COMMENTS = YES;
				CLANG_WARN_EMPTY_BODY = YES;
				CLANG_WARN_ENUM_CONVERSION = YES;
				CLANG_WARN_INFINITE_RECURSION = YES;
				CLANG_WARN_INT_CONVERSION = YES;
				CLANG_WARN_NON_LITERAL_NULL_CONVERSION = YES;
				CLANG_WARN_OBJC_IMPLICIT_RETAIN_SELF = YES;
				CLANG_WARN_OBJC_LITERAL_CONVERSION = YES;
				CLANG_WARN_OBJC_ROOT_CLASS = YES_ERROR;
				CLANG_WARN_QUOTED_INCLUDE_IN_FRAMEWORK_HEADER = YES;
				CLANG_WARN_RANGE_LOOP_ANALYSIS = YES;
				CLANG_WARN_STRICT_PROTOTYPES = YES;
				CLANG_WARN_SUSPICIOUS_MOVE = YES;
				CLANG_WARN_UNGUARDED_AVAILABILITY = YES_AGGRESSIVE;
				CLANG_WARN_UNREACHABLE_CODE = YES;
				CLANG_WARN__DUPLICATE_METHOD_MATCH = YES;
				COPY_PHASE_STRIP = NO;
				DEBUG_INFORMATION_FORMAT = "dwarf-with-dsym";
				ENABLE_NS_ASSERTIONS = NO;
				ENABLE_STRICT_OBJC_MSGSEND = YES;
				GCC_C_LANGUAGE_STANDARD = gnu11;
				GCC_NO_COMMON_BLOCKS = YES;
				GCC_WARN_64_TO_32_BIT_CONVERSION = YES;
				GCC_WARN_ABOUT_RETURN_TYPE = YES_ERROR;
				GCC_WARN_UNDECLARED_SELECTOR = YES;
				GCC_WARN_UNINITIALIZED_AUTOS = YES_AGGRESSIVE;
				GCC_WARN_UNUSED_FUNCTION = YES;
				GCC_WARN_UNUSED_VARIABLE = YES;
				IPHONEOS_DEPLOYMENT_TARGET = 14.4;
				MTL_ENABLE_DEBUG_INFO = NO;
				MTL_FAST_MATH = YES;
				SDKROOT = iphoneos;
				SWIFT_COMPILATION_MODE = wholemodule;
				SWIFT_OPTIMIZATION_LEVEL = "-O";
				VALIDATE_PRODUCT = YES;
			};
			name = Release;
		};
		65FC102C2609410800919E3D /* Debug */ = {
			isa = XCBuildConfiguration;
			baseConfigurationReference = FAC18FC610C2952C92441EDA /* Pods-Spotify.debug.xcconfig */;
			buildSettings = {
				ASSETCATALOG_COMPILER_APPICON_NAME = AppIcon;
				ASSETCATALOG_COMPILER_GLOBAL_ACCENT_COLOR_NAME = AccentColor;
				CODE_SIGN_STYLE = Automatic;
				DEVELOPMENT_TEAM = AXTGJUAKTL;
				INFOPLIST_FILE = Spotify/Info.plist;
				IPHONEOS_DEPLOYMENT_TARGET = 14.4;
				LD_RUNPATH_SEARCH_PATHS = (
					"$(inherited)",
					"@executable_path/Frameworks",
				);
				PRODUCT_BUNDLE_IDENTIFIER = com.daniel.SpotifyApp;
				PRODUCT_NAME = "$(TARGET_NAME)";
				SWIFT_VERSION = 5.0;
				TARGETED_DEVICE_FAMILY = "1,2";
			};
			name = Debug;
		};
		65FC102D2609410800919E3D /* Release */ = {
			isa = XCBuildConfiguration;
			baseConfigurationReference = F68AB6135EB3E0CDFB60182F /* Pods-Spotify.release.xcconfig */;
			buildSettings = {
				ASSETCATALOG_COMPILER_APPICON_NAME = AppIcon;
				ASSETCATALOG_COMPILER_GLOBAL_ACCENT_COLOR_NAME = AccentColor;
				CODE_SIGN_STYLE = Automatic;
				DEVELOPMENT_TEAM = AXTGJUAKTL;
				INFOPLIST_FILE = Spotify/Info.plist;
				IPHONEOS_DEPLOYMENT_TARGET = 14.4;
				LD_RUNPATH_SEARCH_PATHS = (
					"$(inherited)",
					"@executable_path/Frameworks",
				);
				PRODUCT_BUNDLE_IDENTIFIER = com.daniel.SpotifyApp;
				PRODUCT_NAME = "$(TARGET_NAME)";
				SWIFT_VERSION = 5.0;
				TARGETED_DEVICE_FAMILY = "1,2";
			};
			name = Release;
		};
/* End XCBuildConfiguration section */

/* Begin XCConfigurationList section */
		65FC10122609410700919E3D /* Build configuration list for PBXProject "Spotify" */ = {
			isa = XCConfigurationList;
			buildConfigurations = (
				65FC10292609410800919E3D /* Debug */,
				65FC102A2609410800919E3D /* Release */,
			);
			defaultConfigurationIsVisible = 0;
			defaultConfigurationName = Release;
		};
		65FC102B2609410800919E3D /* Build configuration list for PBXNativeTarget "Spotify" */ = {
			isa = XCConfigurationList;
			buildConfigurations = (
				65FC102C2609410800919E3D /* Debug */,
				65FC102D2609410800919E3D /* Release */,
			);
			defaultConfigurationIsVisible = 0;
			defaultConfigurationName = Release;
		};
/* End XCConfigurationList section */
	};
	rootObject = 65FC100F2609410700919E3D /* Project object */;
}
